
Microsoft Visual Studio Solution File, Format Version 12.00
Project("{FAE04EC0-301F-11D3-BF4B-00C04F79EFBC}") = "PaymentGateway", "PaymentGateway\PaymentGateway.csproj", "{3903C8C5-6D21-4041-A58A-B10014078C52}"
EndProject
Project("{2150E333-8FDC-42A3-9474-1A3956D46DE8}") = "Solution Items", "Solution Items", "{C0370E6F-6846-4803-A082-3C896C034DC8}"
ProjectSection(SolutionItems) = preProject
	InitialiseDB\001-create-users.sql = InitialiseDB\001-create-users.sql
	InitialiseDB\002-create-tables.sql = InitialiseDB\002-create-tables.sql
	docker-compose.yml = docker-compose.yml
EndProjectSection
EndProject
Project("{FAE04EC0-301F-11D3-BF4B-00C04F79EFBC}") = "PaymentGateway.UnitTests", "PaymentGateway.UnitTests\PaymentGateway.UnitTests.csproj", "{121BC659-AAC8-4421-AB25-DBCD3C13F772}"
EndProject
Project("{FAE04EC0-301F-11D3-BF4B-00C04F79EFBC}") = "PaymentGateway.IntegrationTests", "PaymentGateway.IntegrationTests\PaymentGateway.IntegrationTests.csproj", "{E41C029C-36F5-458A-BCB2-C6E5FE816EA6}"
EndProject
Global
	GlobalSection(SolutionConfigurationPlatforms) = preSolution
		Debug|Any CPU = Debug|Any CPU
		Release|Any CPU = Release|Any CPU
	EndGlobalSection
	GlobalSection(ProjectConfigurationPlatforms) = postSolution
		{3903C8C5-6D21-4041-A58A-B10014078C52}.Debug|Any CPU.ActiveCfg = Debug|Any CPU
		{3903C8C5-6D21-4041-A58A-B10014078C52}.Debug|Any CPU.Build.0 = Debug|Any CPU
		{3903C8C5-6D21-4041-A58A-B10014078C52}.Release|Any CPU.ActiveCfg = Release|Any CPU
		{3903C8C5-6D21-4041-A58A-B10014078C52}.Release|Any CPU.Build.0 = Release|Any CPU
		{121BC659-AAC8-4421-AB25-DBCD3C13F772}.Debug|Any CPU.ActiveCfg = Debug|Any CPU
		{121BC659-AAC8-4421-AB25-DBCD3C13F772}.Debug|Any CPU.Build.0 = Debug|Any CPU
		{121BC659-AAC8-4421-AB25-DBCD3C13F772}.Release|Any CPU.ActiveCfg = Release|Any CPU
		{121BC659-AAC8-4421-AB25-DBCD3C13F772}.Release|Any CPU.Build.0 = Release|Any CPU
		{E41C029C-36F5-458A-BCB2-C6E5FE816EA6}.Debug|Any CPU.ActiveCfg = Debug|Any CPU
		{E41C029C-36F5-458A-BCB2-C6E5FE816EA6}.Debug|Any CPU.Build.0 = Debug|Any CPU
		{E41C029C-36F5-458A-BCB2-C6E5FE816EA6}.Release|Any CPU.ActiveCfg = Release|Any CPU
		{E41C029C-36F5-458A-BCB2-C6E5FE816EA6}.Release|Any CPU.Build.0 = Release|Any CPU
	EndGlobalSection
EndGlobal
